// !$*UTF8*$!
{
	archiveVersion = 1;
	classes = {
	};
	objectVersion = 56;
	objects = {

/* Begin PBXBuildFile section */
		B52031112A90F90F00BD278D /* agl_framework.xcframework in Frameworks */ = {isa = PBXBuildFile; fileRef = B52031102A90F90E00BD278D /* agl_framework.xcframework */; };
		B52031122A90F90F00BD278D /* agl_framework.xcframework in Embed Frameworks */ = {isa = PBXBuildFile; fileRef = B52031102A90F90E00BD278D /* agl_framework.xcframework */; settings = {ATTRIBUTES = (CodeSignOnCopy, RemoveHeadersOnCopy, ); }; };
		B52031162A90FD3000BD278D /* agl.swift in Sources */ = {isa = PBXBuildFile; fileRef = B52031152A90FD3000BD278D /* agl.swift */; };
		B58E45562A90B28A00A33698 /* AGLEditorSwiftApp.swift in Sources */ = {isa = PBXBuildFile; fileRef = B58E45552A90B28A00A33698 /* AGLEditorSwiftApp.swift */; };
		B58E45582A90B28A00A33698 /* ContentView.swift in Sources */ = {isa = PBXBuildFile; fileRef = B58E45572A90B28A00A33698 /* ContentView.swift */; };
		B58E455A2A90B28B00A33698 /* Assets.xcassets in Resources */ = {isa = PBXBuildFile; fileRef = B58E45592A90B28B00A33698 /* Assets.xcassets */; };
		B58E455E2A90B28B00A33698 /* Preview Assets.xcassets in Resources */ = {isa = PBXBuildFile; fileRef = B58E455D2A90B28B00A33698 /* Preview Assets.xcassets */; };
		B58E45682A90B28C00A33698 /* AGLEditorSwiftTests.swift in Sources */ = {isa = PBXBuildFile; fileRef = B58E45672A90B28C00A33698 /* AGLEditorSwiftTests.swift */; };
		B58E45722A90B28C00A33698 /* AGLEditorSwiftUITests.swift in Sources */ = {isa = PBXBuildFile; fileRef = B58E45712A90B28C00A33698 /* AGLEditorSwiftUITests.swift */; };
		B58E45742A90B28C00A33698 /* AGLEditorSwiftUITestsLaunchTests.swift in Sources */ = {isa = PBXBuildFile; fileRef = B58E45732A90B28C00A33698 /* AGLEditorSwiftUITestsLaunchTests.swift */; };
/* End PBXBuildFile section */

/* Begin PBXContainerItemProxy section */
		B58E45642A90B28C00A33698 /* PBXContainerItemProxy */ = {
			isa = PBXContainerItemProxy;
			containerPortal = B58E454A2A90B28A00A33698 /* Project object */;
			proxyType = 1;
			remoteGlobalIDString = B58E45512A90B28A00A33698;
			remoteInfo = AGLEditorSwift;
		};
		B58E456E2A90B28C00A33698 /* PBXContainerItemProxy */ = {
			isa = PBXContainerItemProxy;
			containerPortal = B58E454A2A90B28A00A33698 /* Project object */;
			proxyType = 1;
			remoteGlobalIDString = B58E45512A90B28A00A33698;
			remoteInfo = AGLEditorSwift;
		};
/* End PBXContainerItemProxy section */

/* Begin PBXCopyFilesBuildPhase section */
		B58E45842A90F3ED00A33698 /* Embed Frameworks */ = {
			isa = PBXCopyFilesBuildPhase;
			buildActionMask = 2147483647;
			dstPath = "";
			dstSubfolderSpec = 10;
			files = (
				B52031122A90F90F00BD278D /* agl_framework.xcframework in Embed Frameworks */,
			);
			name = "Embed Frameworks";
			runOnlyForDeploymentPostprocessing = 0;
		};
/* End PBXCopyFilesBuildPhase section */

/* Begin PBXFileReference section */
		B52031102A90F90E00BD278D /* agl_framework.xcframework */ = {isa = PBXFileReference; lastKnownFileType = wrapper.xcframework; path = agl_framework.xcframework; sourceTree = "<group>"; };
		B52031152A90FD3000BD278D /* agl.swift */ = {isa = PBXFileReference; fileEncoding = 4; lastKnownFileType = sourcecode.swift; path = agl.swift; sourceTree = "<group>"; };
		B58E45522A90B28A00A33698 /* AGLEditorSwift.app */ = {isa = PBXFileReference; explicitFileType = wrapper.application; includeInIndex = 0; path = AGLEditorSwift.app; sourceTree = BUILT_PRODUCTS_DIR; };
		B58E45552A90B28A00A33698 /* AGLEditorSwiftApp.swift */ = {isa = PBXFileReference; lastKnownFileType = sourcecode.swift; path = AGLEditorSwiftApp.swift; sourceTree = "<group>"; };
		B58E45572A90B28A00A33698 /* ContentView.swift */ = {isa = PBXFileReference; lastKnownFileType = sourcecode.swift; path = ContentView.swift; sourceTree = "<group>"; };
		B58E45592A90B28B00A33698 /* Assets.xcassets */ = {isa = PBXFileReference; lastKnownFileType = folder.assetcatalog; path = Assets.xcassets; sourceTree = "<group>"; };
		B58E455B2A90B28B00A33698 /* AGLEditorSwift.entitlements */ = {isa = PBXFileReference; lastKnownFileType = text.plist.entitlements; path = AGLEditorSwift.entitlements; sourceTree = "<group>"; };
		B58E455D2A90B28B00A33698 /* Preview Assets.xcassets */ = {isa = PBXFileReference; lastKnownFileType = folder.assetcatalog; path = "Preview Assets.xcassets"; sourceTree = "<group>"; };
		B58E45632A90B28C00A33698 /* AGLEditorSwiftTests.xctest */ = {isa = PBXFileReference; explicitFileType = wrapper.cfbundle; includeInIndex = 0; path = AGLEditorSwiftTests.xctest; sourceTree = BUILT_PRODUCTS_DIR; };
		B58E45672A90B28C00A33698 /* AGLEditorSwiftTests.swift */ = {isa = PBXFileReference; lastKnownFileType = sourcecode.swift; path = AGLEditorSwiftTests.swift; sourceTree = "<group>"; };
		B58E456D2A90B28C00A33698 /* AGLEditorSwiftUITests.xctest */ = {isa = PBXFileReference; explicitFileType = wrapper.cfbundle; includeInIndex = 0; path = AGLEditorSwiftUITests.xctest; sourceTree = BUILT_PRODUCTS_DIR; };
		B58E45712A90B28C00A33698 /* AGLEditorSwiftUITests.swift */ = {isa = PBXFileReference; lastKnownFileType = sourcecode.swift; path = AGLEditorSwiftUITests.swift; sourceTree = "<group>"; };
		B58E45732A90B28C00A33698 /* AGLEditorSwiftUITestsLaunchTests.swift */ = {isa = PBXFileReference; lastKnownFileType = sourcecode.swift; path = AGLEditorSwiftUITestsLaunchTests.swift; sourceTree = "<group>"; };
/* End PBXFileReference section */

/* Begin PBXFrameworksBuildPhase section */
		B58E454F2A90B28A00A33698 /* Frameworks */ = {
			isa = PBXFrameworksBuildPhase;
			buildActionMask = 2147483647;
			files = (
				B52031112A90F90F00BD278D /* agl_framework.xcframework in Frameworks */,
			);
			runOnlyForDeploymentPostprocessing = 0;
		};
		B58E45602A90B28C00A33698 /* Frameworks */ = {
			isa = PBXFrameworksBuildPhase;
			buildActionMask = 2147483647;
			files = (
			);
			runOnlyForDeploymentPostprocessing = 0;
		};
		B58E456A2A90B28C00A33698 /* Frameworks */ = {
			isa = PBXFrameworksBuildPhase;
			buildActionMask = 2147483647;
			files = (
			);
			runOnlyForDeploymentPostprocessing = 0;
		};
/* End PBXFrameworksBuildPhase section */

/* Begin PBXGroup section */
		B58E45492A90B28A00A33698 = {
			isa = PBXGroup;
			children = (
				B58E45542A90B28A00A33698 /* AGLEditorSwift */,
				B58E45662A90B28C00A33698 /* AGLEditorSwiftTests */,
				B58E45702A90B28C00A33698 /* AGLEditorSwiftUITests */,
				B58E45532A90B28A00A33698 /* Products */,
				B58E45802A90F3ED00A33698 /* Frameworks */,
			);
			sourceTree = "<group>";
		};
		B58E45532A90B28A00A33698 /* Products */ = {
			isa = PBXGroup;
			children = (
				B58E45522A90B28A00A33698 /* AGLEditorSwift.app */,
				B58E45632A90B28C00A33698 /* AGLEditorSwiftTests.xctest */,
				B58E456D2A90B28C00A33698 /* AGLEditorSwiftUITests.xctest */,
			);
			name = Products;
			sourceTree = "<group>";
		};
		B58E45542A90B28A00A33698 /* AGLEditorSwift */ = {
			isa = PBXGroup;
			children = (
				B52031152A90FD3000BD278D /* agl.swift */,
				B58E45552A90B28A00A33698 /* AGLEditorSwiftApp.swift */,
				B58E45572A90B28A00A33698 /* ContentView.swift */,
				B58E45592A90B28B00A33698 /* Assets.xcassets */,
				B58E455B2A90B28B00A33698 /* AGLEditorSwift.entitlements */,
				B58E455C2A90B28B00A33698 /* Preview Content */,
			);
			path = AGLEditorSwift;
			sourceTree = "<group>";
		};
		B58E455C2A90B28B00A33698 /* Preview Content */ = {
			isa = PBXGroup;
			children = (
				B58E455D2A90B28B00A33698 /* Preview Assets.xcassets */,
			);
			path = "Preview Content";
			sourceTree = "<group>";
		};
		B58E45662A90B28C00A33698 /* AGLEditorSwiftTests */ = {
			isa = PBXGroup;
			children = (
				B58E45672A90B28C00A33698 /* AGLEditorSwiftTests.swift */,
			);
			path = AGLEditorSwiftTests;
			sourceTree = "<group>";
		};
		B58E45702A90B28C00A33698 /* AGLEditorSwiftUITests */ = {
			isa = PBXGroup;
			children = (
				B58E45712A90B28C00A33698 /* AGLEditorSwiftUITests.swift */,
				B58E45732A90B28C00A33698 /* AGLEditorSwiftUITestsLaunchTests.swift */,
			);
			path = AGLEditorSwiftUITests;
			sourceTree = "<group>";
		};
		B58E45802A90F3ED00A33698 /* Frameworks */ = {
			isa = PBXGroup;
			children = (
				B52031102A90F90E00BD278D /* agl_framework.xcframework */,
			);
			name = Frameworks;
			sourceTree = "<group>";
		};
/* End PBXGroup section */

/* Begin PBXNativeTarget section */
		B58E45512A90B28A00A33698 /* AGLEditorSwift */ = {
			isa = PBXNativeTarget;
			buildConfigurationList = B58E45772A90B28C00A33698 /* Build configuration list for PBXNativeTarget "AGLEditorSwift" */;
			buildPhases = (
				B58E454E2A90B28A00A33698 /* Sources */,
				B58E454F2A90B28A00A33698 /* Frameworks */,
				B58E45502A90B28A00A33698 /* Resources */,
				B58E45842A90F3ED00A33698 /* Embed Frameworks */,
			);
			buildRules = (
			);
			dependencies = (
			);
			name = AGLEditorSwift;
			productName = AGLEditorSwift;
			productReference = B58E45522A90B28A00A33698 /* AGLEditorSwift.app */;
			productType = "com.apple.product-type.application";
		};
		B58E45622A90B28C00A33698 /* AGLEditorSwiftTests */ = {
			isa = PBXNativeTarget;
			buildConfigurationList = B58E457A2A90B28C00A33698 /* Build configuration list for PBXNativeTarget "AGLEditorSwiftTests" */;
			buildPhases = (
				B58E455F2A90B28C00A33698 /* Sources */,
				B58E45602A90B28C00A33698 /* Frameworks */,
				B58E45612A90B28C00A33698 /* Resources */,
			);
			buildRules = (
			);
			dependencies = (
				B58E45652A90B28C00A33698 /* PBXTargetDependency */,
			);
			name = AGLEditorSwiftTests;
			productName = AGLEditorSwiftTests;
			productReference = B58E45632A90B28C00A33698 /* AGLEditorSwiftTests.xctest */;
			productType = "com.apple.product-type.bundle.unit-test";
		};
		B58E456C2A90B28C00A33698 /* AGLEditorSwiftUITests */ = {
			isa = PBXNativeTarget;
			buildConfigurationList = B58E457D2A90B28C00A33698 /* Build configuration list for PBXNativeTarget "AGLEditorSwiftUITests" */;
			buildPhases = (
				B58E45692A90B28C00A33698 /* Sources */,
				B58E456A2A90B28C00A33698 /* Frameworks */,
				B58E456B2A90B28C00A33698 /* Resources */,
			);
			buildRules = (
			);
			dependencies = (
				B58E456F2A90B28C00A33698 /* PBXTargetDependency */,
			);
			name = AGLEditorSwiftUITests;
			productName = AGLEditorSwiftUITests;
			productReference = B58E456D2A90B28C00A33698 /* AGLEditorSwiftUITests.xctest */;
			productType = "com.apple.product-type.bundle.ui-testing";
		};
/* End PBXNativeTarget section */

/* Begin PBXProject section */
		B58E454A2A90B28A00A33698 /* Project object */ = {
			isa = PBXProject;
			attributes = {
				BuildIndependentTargetsInParallel = 1;
				LastSwiftUpdateCheck = 1430;
				LastUpgradeCheck = 1430;
				TargetAttributes = {
					B58E45512A90B28A00A33698 = {
						CreatedOnToolsVersion = 14.3.1;
					};
					B58E45622A90B28C00A33698 = {
						CreatedOnToolsVersion = 14.3.1;
						TestTargetID = B58E45512A90B28A00A33698;
					};
					B58E456C2A90B28C00A33698 = {
						CreatedOnToolsVersion = 14.3.1;
						TestTargetID = B58E45512A90B28A00A33698;
					};
				};
			};
			buildConfigurationList = B58E454D2A90B28A00A33698 /* Build configuration list for PBXProject "AGLEditorSwift" */;
			compatibilityVersion = "Xcode 14.0";
			developmentRegion = en;
			hasScannedForEncodings = 0;
			knownRegions = (
				en,
				Base,
			);
			mainGroup = B58E45492A90B28A00A33698;
			productRefGroup = B58E45532A90B28A00A33698 /* Products */;
			projectDirPath = "";
			projectRoot = "";
			targets = (
				B58E45512A90B28A00A33698 /* AGLEditorSwift */,
				B58E45622A90B28C00A33698 /* AGLEditorSwiftTests */,
				B58E456C2A90B28C00A33698 /* AGLEditorSwiftUITests */,
			);
		};
/* End PBXProject section */

/* Begin PBXResourcesBuildPhase section */
		B58E45502A90B28A00A33698 /* Resources */ = {
			isa = PBXResourcesBuildPhase;
			buildActionMask = 2147483647;
			files = (
				B58E455E2A90B28B00A33698 /* Preview Assets.xcassets in Resources */,
				B58E455A2A90B28B00A33698 /* Assets.xcassets in Resources */,
			);
			runOnlyForDeploymentPostprocessing = 0;
		};
		B58E45612A90B28C00A33698 /* Resources */ = {
			isa = PBXResourcesBuildPhase;
			buildActionMask = 2147483647;
			files = (
			);
			runOnlyForDeploymentPostprocessing = 0;
		};
		B58E456B2A90B28C00A33698 /* Resources */ = {
			isa = PBXResourcesBuildPhase;
			buildActionMask = 2147483647;
			files = (
			);
			runOnlyForDeploymentPostprocessing = 0;
		};
/* End PBXResourcesBuildPhase section */

/* Begin PBXSourcesBuildPhase section */
		B58E454E2A90B28A00A33698 /* Sources */ = {
			isa = PBXSourcesBuildPhase;
			buildActionMask = 2147483647;
			files = (
				B58E45582A90B28A00A33698 /* ContentView.swift in Sources */,
				B58E45562A90B28A00A33698 /* AGLEditorSwiftApp.swift in Sources */,
				B52031162A90FD3000BD278D /* agl.swift in Sources */,
			);
			runOnlyForDeploymentPostprocessing = 0;
		};
		B58E455F2A90B28C00A33698 /* Sources */ = {
			isa = PBXSourcesBuildPhase;
			buildActionMask = 2147483647;
			files = (
				B58E45682A90B28C00A33698 /* AGLEditorSwiftTests.swift in Sources */,
			);
			runOnlyForDeploymentPostprocessing = 0;
		};
		B58E45692A90B28C00A33698 /* Sources */ = {
			isa = PBXSourcesBuildPhase;
			buildActionMask = 2147483647;
			files = (
				B58E45742A90B28C00A33698 /* AGLEditorSwiftUITestsLaunchTests.swift in Sources */,
				B58E45722A90B28C00A33698 /* AGLEditorSwiftUITests.swift in Sources */,
			);
			runOnlyForDeploymentPostprocessing = 0;
		};
/* End PBXSourcesBuildPhase section */

/* Begin PBXTargetDependency section */
		B58E45652A90B28C00A33698 /* PBXTargetDependency */ = {
			isa = PBXTargetDependency;
			target = B58E45512A90B28A00A33698 /* AGLEditorSwift */;
			targetProxy = B58E45642A90B28C00A33698 /* PBXContainerItemProxy */;
		};
		B58E456F2A90B28C00A33698 /* PBXTargetDependency */ = {
			isa = PBXTargetDependency;
			target = B58E45512A90B28A00A33698 /* AGLEditorSwift */;
			targetProxy = B58E456E2A90B28C00A33698 /* PBXContainerItemProxy */;
		};
/* End PBXTargetDependency section */

/* Begin XCBuildConfiguration section */
		B58E45752A90B28C00A33698 /* Debug */ = {
			isa = XCBuildConfiguration;
			buildSettings = {
				ALWAYS_SEARCH_USER_PATHS = NO;
				CLANG_ANALYZER_NONNULL = YES;
				CLANG_ANALYZER_NUMBER_OBJECT_CONVERSION = YES_AGGRESSIVE;
				CLANG_CXX_LANGUAGE_STANDARD = "gnu++20";
				CLANG_ENABLE_MODULES = YES;
				CLANG_ENABLE_OBJC_ARC = YES;
				CLANG_ENABLE_OBJC_WEAK = YES;
				CLANG_WARN_BLOCK_CAPTURE_AUTORELEASING = YES;
				CLANG_WARN_BOOL_CONVERSION = YES;
				CLANG_WARN_COMMA = YES;
				CLANG_WARN_CONSTANT_CONVERSION = YES;
				CLANG_WARN_DEPRECATED_OBJC_IMPLEMENTATIONS = YES;
				CLANG_WARN_DIRECT_OBJC_ISA_USAGE = YES_ERROR;
				CLANG_WARN_DOCUMENTATION_COMMENTS = YES;
				CLANG_WARN_EMPTY_BODY = YES;
				CLANG_WARN_ENUM_CONVERSION = YES;
				CLANG_WARN_INFINITE_RECURSION = YES;
				CLANG_WARN_INT_CONVERSION = YES;
				CLANG_WARN_NON_LITERAL_NULL_CONVERSION = YES;
				CLANG_WARN_OBJC_IMPLICIT_RETAIN_SELF = YES;
				CLANG_WARN_OBJC_LITERAL_CONVERSION = YES;
				CLANG_WARN_OBJC_ROOT_CLASS = YES_ERROR;
				CLANG_WARN_QUOTED_INCLUDE_IN_FRAMEWORK_HEADER = YES;
				CLANG_WARN_RANGE_LOOP_ANALYSIS = YES;
				CLANG_WARN_STRICT_PROTOTYPES = YES;
				CLANG_WARN_SUSPICIOUS_MOVE = YES;
				CLANG_WARN_UNGUARDED_AVAILABILITY = YES_AGGRESSIVE;
				CLANG_WARN_UNREACHABLE_CODE = YES;
				CLANG_WARN__DUPLICATE_METHOD_MATCH = YES;
				CODE_SIGN_IDENTITY = "";
				COPY_PHASE_STRIP = NO;
				DEBUG_INFORMATION_FORMAT = dwarf;
				ENABLE_STRICT_OBJC_MSGSEND = YES;
				ENABLE_TESTABILITY = YES;
				GCC_C_LANGUAGE_STANDARD = gnu11;
				GCC_DYNAMIC_NO_PIC = NO;
				GCC_NO_COMMON_BLOCKS = YES;
				GCC_OPTIMIZATION_LEVEL = 0;
				GCC_PREPROCESSOR_DEFINITIONS = (
					"DEBUG=1",
					"$(inherited)",
				);
				GCC_WARN_64_TO_32_BIT_CONVERSION = YES;
				GCC_WARN_ABOUT_RETURN_TYPE = YES_ERROR;
				GCC_WARN_UNDECLARED_SELECTOR = YES;
				GCC_WARN_UNINITIALIZED_AUTOS = YES_AGGRESSIVE;
				GCC_WARN_UNUSED_FUNCTION = YES;
				GCC_WARN_UNUSED_VARIABLE = YES;
				MTL_ENABLE_DEBUG_INFO = INCLUDE_SOURCE;
				MTL_FAST_MATH = YES;
				ONLY_ACTIVE_ARCH = YES;
				SWIFT_ACTIVE_COMPILATION_CONDITIONS = DEBUG;
				SWIFT_OPTIMIZATION_LEVEL = "-Onone";
			};
			name = Debug;
		};
		B58E45762A90B28C00A33698 /* Release */ = {
			isa = XCBuildConfiguration;
			buildSettings = {
				ALWAYS_SEARCH_USER_PATHS = NO;
				CLANG_ANALYZER_NONNULL = YES;
				CLANG_ANALYZER_NUMBER_OBJECT_CONVERSION = YES_AGGRESSIVE;
				CLANG_CXX_LANGUAGE_STANDARD = "gnu++20";
				CLANG_ENABLE_MODULES = YES;
				CLANG_ENABLE_OBJC_ARC = YES;
				CLANG_ENABLE_OBJC_WEAK = YES;
				CLANG_WARN_BLOCK_CAPTURE_AUTORELEASING = YES;
				CLANG_WARN_BOOL_CONVERSION = YES;
				CLANG_WARN_COMMA = YES;
				CLANG_WARN_CONSTANT_CONVERSION = YES;
				CLANG_WARN_DEPRECATED_OBJC_IMPLEMENTATIONS = YES;
				CLANG_WARN_DIRECT_OBJC_ISA_USAGE = YES_ERROR;
				CLANG_WARN_DOCUMENTATION_COMMENTS = YES;
				CLANG_WARN_EMPTY_BODY = YES;
				CLANG_WARN_ENUM_CONVERSION = YES;
				CLANG_WARN_INFINITE_RECURSION = YES;
				CLANG_WARN_INT_CONVERSION = YES;
				CLANG_WARN_NON_LITERAL_NULL_CONVERSION = YES;
				CLANG_WARN_OBJC_IMPLICIT_RETAIN_SELF = YES;
				CLANG_WARN_OBJC_LITERAL_CONVERSION = YES;
				CLANG_WARN_OBJC_ROOT_CLASS = YES_ERROR;
				CLANG_WARN_QUOTED_INCLUDE_IN_FRAMEWORK_HEADER = YES;
				CLANG_WARN_RANGE_LOOP_ANALYSIS = YES;
				CLANG_WARN_STRICT_PROTOTYPES = YES;
				CLANG_WARN_SUSPICIOUS_MOVE = YES;
				CLANG_WARN_UNGUARDED_AVAILABILITY = YES_AGGRESSIVE;
				CLANG_WARN_UNREACHABLE_CODE = YES;
				CLANG_WARN__DUPLICATE_METHOD_MATCH = YES;
				CODE_SIGN_IDENTITY = "";
				COPY_PHASE_STRIP = NO;
				DEBUG_INFORMATION_FORMAT = "dwarf-with-dsym";
				ENABLE_NS_ASSERTIONS = NO;
				ENABLE_STRICT_OBJC_MSGSEND = YES;
				GCC_C_LANGUAGE_STANDARD = gnu11;
				GCC_NO_COMMON_BLOCKS = YES;
				GCC_WARN_64_TO_32_BIT_CONVERSION = YES;
				GCC_WARN_ABOUT_RETURN_TYPE = YES_ERROR;
				GCC_WARN_UNDECLARED_SELECTOR = YES;
				GCC_WARN_UNINITIALIZED_AUTOS = YES_AGGRESSIVE;
				GCC_WARN_UNUSED_FUNCTION = YES;
				GCC_WARN_UNUSED_VARIABLE = YES;
				MTL_ENABLE_DEBUG_INFO = NO;
				MTL_FAST_MATH = YES;
				SWIFT_COMPILATION_MODE = wholemodule;
				SWIFT_OPTIMIZATION_LEVEL = "-O";
			};
			name = Release;
		};
		B58E45782A90B28C00A33698 /* Debug */ = {
			isa = XCBuildConfiguration;
			buildSettings = {
				ASSETCATALOG_COMPILER_APPICON_NAME = AppIcon;
				ASSETCATALOG_COMPILER_GLOBAL_ACCENT_COLOR_NAME = AccentColor;
				CODE_SIGN_ENTITLEMENTS = AGLEditorSwift/AGLEditorSwift.entitlements;
				CODE_SIGN_IDENTITY = "";
				CODE_SIGN_STYLE = Automatic;
				CURRENT_PROJECT_VERSION = 1;
				DEVELOPMENT_ASSET_PATHS = "\"AGLEditorSwift/Preview Content\"";
				DEVELOPMENT_TEAM = 4GRABRNFKM;
				ENABLE_PREVIEWS = YES;
				GENERATE_INFOPLIST_FILE = YES;
				"INFOPLIST_KEY_UIApplicationSceneManifest_Generation[sdk=iphoneos*]" = YES;
				"INFOPLIST_KEY_UIApplicationSceneManifest_Generation[sdk=iphonesimulator*]" = YES;
				"INFOPLIST_KEY_UIApplicationSupportsIndirectInputEvents[sdk=iphoneos*]" = YES;
				"INFOPLIST_KEY_UIApplicationSupportsIndirectInputEvents[sdk=iphonesimulator*]" = YES;
				"INFOPLIST_KEY_UILaunchScreen_Generation[sdk=iphoneos*]" = YES;
				"INFOPLIST_KEY_UILaunchScreen_Generation[sdk=iphonesimulator*]" = YES;
				"INFOPLIST_KEY_UIStatusBarStyle[sdk=iphoneos*]" = UIStatusBarStyleDefault;
				"INFOPLIST_KEY_UIStatusBarStyle[sdk=iphonesimulator*]" = UIStatusBarStyleDefault;
				INFOPLIST_KEY_UISupportedInterfaceOrientations_iPad = "UIInterfaceOrientationPortrait UIInterfaceOrientationPortraitUpsideDown UIInterfaceOrientationLandscapeLeft UIInterfaceOrientationLandscapeRight";
				INFOPLIST_KEY_UISupportedInterfaceOrientations_iPhone = "UIInterfaceOrientationPortrait UIInterfaceOrientationLandscapeLeft UIInterfaceOrientationLandscapeRight";
				IPHONEOS_DEPLOYMENT_TARGET = 16.4;
				LD_RUNPATH_SEARCH_PATHS = "@executable_path/Frameworks";
				"LD_RUNPATH_SEARCH_PATHS[sdk=macosx*]" = "@executable_path/../Frameworks";
				MACOSX_DEPLOYMENT_TARGET = 13.3;
				MARKETING_VERSION = 1.0;
				PRODUCT_BUNDLE_IDENTIFIER = syful.AGLEditorSwift;
				PRODUCT_NAME = "$(TARGET_NAME)";
				SDKROOT = auto;
				SUPPORTED_PLATFORMS = "iphoneos iphonesimulator macosx";
				SWIFT_EMIT_LOC_STRINGS = YES;
				SWIFT_VERSION = 5.0;
				TARGETED_DEVICE_FAMILY = "1,2";
			};
			name = Debug;
		};
		B58E45792A90B28C00A33698 /* Release */ = {
			isa = XCBuildConfiguration;
			buildSettings = {
				ASSETCATALOG_COMPILER_APPICON_NAME = AppIcon;
				ASSETCATALOG_COMPILER_GLOBAL_ACCENT_COLOR_NAME = AccentColor;
				CODE_SIGN_ENTITLEMENTS = AGLEditorSwift/AGLEditorSwift.entitlements;
				CODE_SIGN_IDENTITY = "";
				CODE_SIGN_STYLE = Automatic;
				CURRENT_PROJECT_VERSION = 1;
				DEVELOPMENT_ASSET_PATHS = "\"AGLEditorSwift/Preview Content\"";
				DEVELOPMENT_TEAM = 4GRABRNFKM;
				ENABLE_PREVIEWS = YES;
				GENERATE_INFOPLIST_FILE = YES;
				"INFOPLIST_KEY_UIApplicationSceneManifest_Generation[sdk=iphoneos*]" = YES;
				"INFOPLIST_KEY_UIApplicationSceneManifest_Generation[sdk=iphonesimulator*]" = YES;
				"INFOPLIST_KEY_UIApplicationSupportsIndirectInputEvents[sdk=iphoneos*]" = YES;
				"INFOPLIST_KEY_UIApplicationSupportsIndirectInputEvents[sdk=iphonesimulator*]" = YES;
				"INFOPLIST_KEY_UILaunchScreen_Generation[sdk=iphoneos*]" = YES;
				"INFOPLIST_KEY_UILaunchScreen_Generation[sdk=iphonesimulator*]" = YES;
				"INFOPLIST_KEY_UIStatusBarStyle[sdk=iphoneos*]" = UIStatusBarStyleDefault;
				"INFOPLIST_KEY_UIStatusBarStyle[sdk=iphonesimulator*]" = UIStatusBarStyleDefault;
				INFOPLIST_KEY_UISupportedInterfaceOrientations_iPad = "UIInterfaceOrientationPortrait UIInterfaceOrientationPortraitUpsideDown UIInterfaceOrientationLandscapeLeft UIInterfaceOrientationLandscapeRight";
				INFOPLIST_KEY_UISupportedInterfaceOrientations_iPhone = "UIInterfaceOrientationPortrait UIInterfaceOrientationLandscapeLeft UIInterfaceOrientationLandscapeRight";
				IPHONEOS_DEPLOYMENT_TARGET = 16.4;
				LD_RUNPATH_SEARCH_PATHS = "@executable_path/Frameworks";
				"LD_RUNPATH_SEARCH_PATHS[sdk=macosx*]" = "@executable_path/../Frameworks";
				MACOSX_DEPLOYMENT_TARGET = 13.3;
				MARKETING_VERSION = 1.0;
				PRODUCT_BUNDLE_IDENTIFIER = syful.AGLEditorSwift;
				PRODUCT_NAME = "$(TARGET_NAME)";
				SDKROOT = auto;
				SUPPORTED_PLATFORMS = "iphoneos iphonesimulator macosx";
				SWIFT_EMIT_LOC_STRINGS = YES;
				SWIFT_VERSION = 5.0;
				TARGETED_DEVICE_FAMILY = "1,2";
			};
			name = Release;
		};
		B58E457B2A90B28C00A33698 /* Debug */ = {
			isa = XCBuildConfiguration;
			buildSettings = {
				ALWAYS_EMBED_SWIFT_STANDARD_LIBRARIES = YES;
				BUNDLE_LOADER = "$(TEST_HOST)";
				CODE_SIGN_STYLE = Automatic;
				CURRENT_PROJECT_VERSION = 1;
				GENERATE_INFOPLIST_FILE = YES;
				IPHONEOS_DEPLOYMENT_TARGET = 16.4;
				MACOSX_DEPLOYMENT_TARGET = 13.3;
				MARKETING_VERSION = 1.0;
				PRODUCT_BUNDLE_IDENTIFIER = syful.AGLEditorSwiftTests;
				PRODUCT_NAME = "$(TARGET_NAME)";
				SDKROOT = auto;
				SUPPORTED_PLATFORMS = "iphoneos iphonesimulator macosx";
				SWIFT_EMIT_LOC_STRINGS = NO;
				SWIFT_VERSION = 5.0;
				TARGETED_DEVICE_FAMILY = "1,2";
				TEST_HOST = "$(BUILT_PRODUCTS_DIR)/AGLEditorSwift.app/$(BUNDLE_EXECUTABLE_FOLDER_PATH)/AGLEditorSwift";
			};
			name = Debug;
		};
		B58E457C2A90B28C00A33698 /* Release */ = {
			isa = XCBuildConfiguration;
			buildSettings = {
				ALWAYS_EMBED_SWIFT_STANDARD_LIBRARIES = YES;
				BUNDLE_LOADER = "$(TEST_HOST)";
				CODE_SIGN_STYLE = Automatic;
				CURRENT_PROJECT_VERSION = 1;
				GENERATE_INFOPLIST_FILE = YES;
				IPHONEOS_DEPLOYMENT_TARGET = 16.4;
				MACOSX_DEPLOYMENT_TARGET = 13.3;
				MARKETING_VERSION = 1.0;
				PRODUCT_BUNDLE_IDENTIFIER = syful.AGLEditorSwiftTests;
				PRODUCT_NAME = "$(TARGET_NAME)";
				SDKROOT = auto;
				SUPPORTED_PLATFORMS = "iphoneos iphonesimulator macosx";
				SWIFT_EMIT_LOC_STRINGS = NO;
				SWIFT_VERSION = 5.0;
				TARGETED_DEVICE_FAMILY = "1,2";
				TEST_HOST = "$(BUILT_PRODUCTS_DIR)/AGLEditorSwift.app/$(BUNDLE_EXECUTABLE_FOLDER_PATH)/AGLEditorSwift";
			};
			name = Release;
		};
		B58E457E2A90B28C00A33698 /* Debug */ = {
			isa = XCBuildConfiguration;
			buildSettings = {
				ALWAYS_EMBED_SWIFT_STANDARD_LIBRARIES = YES;
				CODE_SIGN_STYLE = Automatic;
				CURRENT_PROJECT_VERSION = 1;
				GENERATE_INFOPLIST_FILE = YES;
				IPHONEOS_DEPLOYMENT_TARGET = 16.4;
				MACOSX_DEPLOYMENT_TARGET = 13.3;
				MARKETING_VERSION = 1.0;
				PRODUCT_BUNDLE_IDENTIFIER = syful.AGLEditorSwiftUITests;
				PRODUCT_NAME = "$(TARGET_NAME)";
				SDKROOT = auto;
				SUPPORTED_PLATFORMS = "iphoneos iphonesimulator macosx";
				SWIFT_EMIT_LOC_STRINGS = NO;
				SWIFT_VERSION = 5.0;
				TARGETED_DEVICE_FAMILY = "1,2";
				TEST_TARGET_NAME = AGLEditorSwift;
			};
			name = Debug;
		};
		B58E457F2A90B28C00A33698 /* Release */ = {
			isa = XCBuildConfiguration;
			buildSettings = {
				ALWAYS_EMBED_SWIFT_STANDARD_LIBRARIES = YES;
				CODE_SIGN_STYLE = Automatic;
				CURRENT_PROJECT_VERSION = 1;
				GENERATE_INFOPLIST_FILE = YES;
				IPHONEOS_DEPLOYMENT_TARGET = 16.4;
				MACOSX_DEPLOYMENT_TARGET = 13.3;
				MARKETING_VERSION = 1.0;
				PRODUCT_BUNDLE_IDENTIFIER = syful.AGLEditorSwiftUITests;
				PRODUCT_NAME = "$(TARGET_NAME)";
				SDKROOT = auto;
				SUPPORTED_PLATFORMS = "iphoneos iphonesimulator macosx";
				SWIFT_EMIT_LOC_STRINGS = NO;
				SWIFT_VERSION = 5.0;
				TARGETED_DEVICE_FAMILY = "1,2";
				TEST_TARGET_NAME = AGLEditorSwift;
			};
			name = Release;
		};
/* End XCBuildConfiguration section */

/* Begin XCConfigurationList section */
		B58E454D2A90B28A00A33698 /* Build configuration list for PBXProject "AGLEditorSwift" */ = {
			isa = XCConfigurationList;
			buildConfigurations = (
				B58E45752A90B28C00A33698 /* Debug */,
				B58E45762A90B28C00A33698 /* Release */,
			);
			defaultConfigurationIsVisible = 0;
			defaultConfigurationName = Release;
		};
		B58E45772A90B28C00A33698 /* Build configuration list for PBXNativeTarget "AGLEditorSwift" */ = {
			isa = XCConfigurationList;
			buildConfigurations = (
				B58E45782A90B28C00A33698 /* Debug */,
				B58E45792A90B28C00A33698 /* Release */,
			);
			defaultConfigurationIsVisible = 0;
			defaultConfigurationName = Release;
		};
		B58E457A2A90B28C00A33698 /* Build configuration list for PBXNativeTarget "AGLEditorSwiftTests" */ = {
			isa = XCConfigurationList;
			buildConfigurations = (
				B58E457B2A90B28C00A33698 /* Debug */,
				B58E457C2A90B28C00A33698 /* Release */,
			);
			defaultConfigurationIsVisible = 0;
			defaultConfigurationName = Release;
		};
		B58E457D2A90B28C00A33698 /* Build configuration list for PBXNativeTarget "AGLEditorSwiftUITests" */ = {
			isa = XCConfigurationList;
			buildConfigurations = (
				B58E457E2A90B28C00A33698 /* Debug */,
				B58E457F2A90B28C00A33698 /* Release */,
			);
			defaultConfigurationIsVisible = 0;
			defaultConfigurationName = Release;
		};
/* End XCConfigurationList section */
	};
	rootObject = B58E454A2A90B28A00A33698 /* Project object */;
}
